
Microsoft Visual Studio Solution File, Format Version 12.00
# Visual Studio 2012
Project("{FAE04EC0-301F-11D3-BF4B-00C04F79EFBC}") = "XamarinUtilsLib", "XamarinUtilsLib\XamarinUtilsLib.csproj", "{83696D83-BAEE-465F-B625-C5F780BBA541}"
EndProject
Project("{FAE04EC0-301F-11D3-BF4B-00C04F79EFBC}") = "XamarinUtilsLib.Tests", "XamarinUtilsLib.Tests\XamarinUtilsLib.Tests.csproj", "{2BB855C3-41C9-431C-8E63-A7A4E18EF622}"
EndProject
Global
	GlobalSection(SolutionConfigurationPlatforms) = preSolution
		Debug|Any CPU = Debug|Any CPU
		Release|Any CPU = Release|Any CPU
	EndGlobalSection
	GlobalSection(ProjectConfigurationPlatforms) = postSolution
		{83696D83-BAEE-465F-B625-C5F780BBA541}.Debug|Any CPU.ActiveCfg = Debug|Any CPU
		{83696D83-BAEE-465F-B625-C5F780BBA541}.Debug|Any CPU.Build.0 = Debug|Any CPU
		{83696D83-BAEE-465F-B625-C5F780BBA541}.Release|Any CPU.ActiveCfg = Release|Any CPU
		{83696D83-BAEE-465F-B625-C5F780BBA541}.Release|Any CPU.Build.0 = Release|Any CPU
		{2BB855C3-41C9-431C-8E63-A7A4E18EF622}.Debug|Any CPU.ActiveCfg = Debug|Any CPU
		{2BB855C3-41C9-431C-8E63-A7A4E18EF622}.Debug|Any CPU.Build.0 = Debug|Any CPU
		{2BB855C3-41C9-431C-8E63-A7A4E18EF622}.Release|Any CPU.ActiveCfg = Release|Any CPU
		{2BB855C3-41C9-431C-8E63-A7A4E18EF622}.Release|Any CPU.Build.0 = Release|Any CPU
	EndGlobalSection
EndGlobal
